
Microsoft Visual Studio Solution File, Format Version 12.00
# Visual Studio Version 16
VisualStudioVersion = 16.0.29609.76
MinimumVisualStudioVersion = 10.0.40219.1
Project("{FAE04EC0-301F-11D3-BF4B-00C04F79EFBC}") = "FusionWeb", "FusionWeb\FusionWeb.csproj", "{53B535B9-722F-400A-9F96-C871685FACCF}"
EndProject
Global
	GlobalSection(SolutionConfigurationPlatforms) = preSolution
		Debug|Any CPU = Debug|Any CPU
		Release|Any CPU = Release|Any CPU
	EndGlobalSection
	GlobalSection(ProjectConfigurationPlatforms) = postSolution
		{53B535B9-722F-400A-9F96-C871685FACCF}.Debug|Any CPU.ActiveCfg = Debug|Any CPU
		{53B535B9-722F-400A-9F96-C871685FACCF}.Debug|Any CPU.Build.0 = Debug|Any CPU
		{53B535B9-722F-400A-9F96-C871685FACCF}.Release|Any CPU.ActiveCfg = Release|Any CPU
		{53B535B9-722F-400A-9F96-C871685FACCF}.Release|Any CPU.Build.0 = Release|Any CPU
	EndGlobalSection
	GlobalSection(SolutionProperties) = preSolution
		HideSolutionNode = FALSE
	EndGlobalSection
	GlobalSection(ExtensibilityGlobals) = postSolution
		SolutionGuid = {3B7307E1-2E28-435E-89F4-9DD0633F406A}
	EndGlobalSection
EndGlobal
